
Microsoft Visual Studio Solution File, Format Version 12.00
# Visual Studio Version 17
VisualStudioVersion = 17.3.32922.545
MinimumVisualStudioVersion = 10.0.40219.1
Project("{FAE04EC0-301F-11D3-BF4B-00C04F79EFBC}") = "Knihovna", "Knihovna\Knihovna.csproj", "{840365BE-ACC0-4648-87F9-6BD54A5527D4}"
EndProject
Global
	GlobalSection(SolutionConfigurationPlatforms) = preSolution
		Debug|Any CPU = Debug|Any CPU
		Release|Any CPU = Release|Any CPU
	EndGlobalSection
	GlobalSection(ProjectConfigurationPlatforms) = postSolution
		{840365BE-ACC0-4648-87F9-6BD54A5527D4}.Debug|Any CPU.ActiveCfg = Debug|Any CPU
		{840365BE-ACC0-4648-87F9-6BD54A5527D4}.Debug|Any CPU.Build.0 = Debug|Any CPU
		{840365BE-ACC0-4648-87F9-6BD54A5527D4}.Release|Any CPU.ActiveCfg = Release|Any CPU
		{840365BE-ACC0-4648-87F9-6BD54A5527D4}.Release|Any CPU.Build.0 = Release|Any CPU
	EndGlobalSection
	GlobalSection(SolutionProperties) = preSolution
		HideSolutionNode = FALSE
	EndGlobalSection
	GlobalSection(ExtensibilityGlobals) = postSolution
		SolutionGuid = {DE2DB135-6649-40E9-B8E4-B4C62B3CB424}
	EndGlobalSection
EndGlobal
